// !$*UTF8*$!
{
	archiveVersion = 1;
	classes = {
	};
	objectVersion = 46;
	objects = {

/* Begin PBXBuildFile section */
		A73162BA1DF528A100F6B98A /* WASStringTests.swift in Sources */ = {isa = PBXBuildFile; fileRef = A778A6091DF5278000414EA4 /* WASStringTests.swift */; };
		A778A60A1DF5278000414EA4 /* Assets.xcassets in Resources */ = {isa = PBXBuildFile; fileRef = A778A5E61DF5278000414EA4 /* Assets.xcassets */; };
		A778A60B1DF5278000414EA4 /* LaunchScreen.storyboard in Resources */ = {isa = PBXBuildFile; fileRef = A778A5E81DF5278000414EA4 /* LaunchScreen.storyboard */; };
		A778A60C1DF5278000414EA4 /* Main.storyboard in Resources */ = {isa = PBXBuildFile; fileRef = A778A5E91DF5278000414EA4 /* Main.storyboard */; };
		A778A60E1DF5278000414EA4 /* AppDelegate.swift in Sources */ = {isa = PBXBuildFile; fileRef = A778A5ED1DF5278000414EA4 /* AppDelegate.swift */; };
		A778A60F1DF5278000414EA4 /* String+WASString.swift in Sources */ = {isa = PBXBuildFile; fileRef = A778A5F21DF5278000414EA4 /* String+WASString.swift */; };
		A778A6101DF5278000414EA4 /* String+WASUtil.swift in Sources */ = {isa = PBXBuildFile; fileRef = A778A5F31DF5278000414EA4 /* String+WASUtil.swift */; };
		A778A6111DF5278000414EA4 /* UIColor+WASColor.swift in Sources */ = {isa = PBXBuildFile; fileRef = A778A5F41DF5278000414EA4 /* UIColor+WASColor.swift */; };
		A778A6121DF5278000414EA4 /* UIFont+WASFont.swift in Sources */ = {isa = PBXBuildFile; fileRef = A778A5F51DF5278000414EA4 /* UIFont+WASFont.swift */; };
		A778A6151DF5278000414EA4 /* FeelFreeViewController.swift in Sources */ = {isa = PBXBuildFile; fileRef = A778A6001DF5278000414EA4 /* FeelFreeViewController.swift */; };
		A778A6161DF5278000414EA4 /* TableViewController.swift in Sources */ = {isa = PBXBuildFile; fileRef = A778A6011DF5278000414EA4 /* TableViewController.swift */; };
		A778A6171DF5278000414EA4 /* WASViewController.swift in Sources */ = {isa = PBXBuildFile; fileRef = A778A6021DF5278000414EA4 /* WASViewController.swift */; };
/* End PBXBuildFile section */

/* Begin PBXContainerItemProxy section */
		A72D012E1DF5272500AC5E99 /* PBXContainerItemProxy */ = {
			isa = PBXContainerItemProxy;
			containerPortal = A72D01111DF5272500AC5E99 /* Project object */;
			proxyType = 1;
			remoteGlobalIDString = A72D01181DF5272500AC5E99;
			remoteInfo = waschat;
		};
/* End PBXContainerItemProxy section */

/* Begin PBXFileReference section */
		A72D01191DF5272500AC5E99 /* waschat.app */ = {isa = PBXFileReference; explicitFileType = wrapper.application; includeInIndex = 0; path = waschat.app; sourceTree = BUILT_PRODUCTS_DIR; };
		A72D012D1DF5272500AC5E99 /* waschatTests.xctest */ = {isa = PBXFileReference; explicitFileType = wrapper.cfbundle; includeInIndex = 0; path = waschatTests.xctest; sourceTree = BUILT_PRODUCTS_DIR; };
		A778A5E61DF5278000414EA4 /* Assets.xcassets */ = {isa = PBXFileReference; lastKnownFileType = folder.assetcatalog; path = Assets.xcassets; sourceTree = "<group>"; };
		A778A5E81DF5278000414EA4 /* LaunchScreen.storyboard */ = {isa = PBXFileReference; fileEncoding = 4; lastKnownFileType = file.storyboard; path = LaunchScreen.storyboard; sourceTree = "<group>"; };
		A778A5E91DF5278000414EA4 /* Main.storyboard */ = {isa = PBXFileReference; fileEncoding = 4; lastKnownFileType = file.storyboard; path = Main.storyboard; sourceTree = "<group>"; };
		A778A5EB1DF5278000414EA4 /* Info.plist */ = {isa = PBXFileReference; fileEncoding = 4; lastKnownFileType = text.plist.xml; path = Info.plist; sourceTree = "<group>"; };
		A778A5ED1DF5278000414EA4 /* AppDelegate.swift */ = {isa = PBXFileReference; fileEncoding = 4; lastKnownFileType = sourcecode.swift; path = AppDelegate.swift; sourceTree = "<group>"; };
		A778A5F21DF5278000414EA4 /* String+WASString.swift */ = {isa = PBXFileReference; fileEncoding = 4; lastKnownFileType = sourcecode.swift; path = "String+WASString.swift"; sourceTree = "<group>"; };
		A778A5F31DF5278000414EA4 /* String+WASUtil.swift */ = {isa = PBXFileReference; fileEncoding = 4; lastKnownFileType = sourcecode.swift; path = "String+WASUtil.swift"; sourceTree = "<group>"; };
		A778A5F41DF5278000414EA4 /* UIColor+WASColor.swift */ = {isa = PBXFileReference; fileEncoding = 4; lastKnownFileType = sourcecode.swift; path = "UIColor+WASColor.swift"; sourceTree = "<group>"; };
		A778A5F51DF5278000414EA4 /* UIFont+WASFont.swift */ = {isa = PBXFileReference; fileEncoding = 4; lastKnownFileType = sourcecode.swift; path = "UIFont+WASFont.swift"; sourceTree = "<group>"; };
		A778A6001DF5278000414EA4 /* FeelFreeViewController.swift */ = {isa = PBXFileReference; fileEncoding = 4; lastKnownFileType = sourcecode.swift; path = FeelFreeViewController.swift; sourceTree = "<group>"; };
		A778A6011DF5278000414EA4 /* TableViewController.swift */ = {isa = PBXFileReference; fileEncoding = 4; lastKnownFileType = sourcecode.swift; path = TableViewController.swift; sourceTree = "<group>"; };
		A778A6021DF5278000414EA4 /* WASViewController.swift */ = {isa = PBXFileReference; fileEncoding = 4; lastKnownFileType = sourcecode.swift; path = WASViewController.swift; sourceTree = "<group>"; };
		A778A6061DF5278000414EA4 /* Info.plist */ = {isa = PBXFileReference; fileEncoding = 4; lastKnownFileType = text.plist.xml; path = Info.plist; sourceTree = "<group>"; };
		A778A6091DF5278000414EA4 /* WASStringTests.swift */ = {isa = PBXFileReference; fileEncoding = 4; lastKnownFileType = sourcecode.swift; path = WASStringTests.swift; sourceTree = "<group>"; };
/* End PBXFileReference section */

/* Begin PBXFrameworksBuildPhase section */
		A72D01161DF5272500AC5E99 /* Frameworks */ = {
			isa = PBXFrameworksBuildPhase;
			buildActionMask = 2147483647;
			files = (
			);
			runOnlyForDeploymentPostprocessing = 0;
		};
		A72D012A1DF5272500AC5E99 /* Frameworks */ = {
			isa = PBXFrameworksBuildPhase;
			buildActionMask = 2147483647;
			files = (
			);
			runOnlyForDeploymentPostprocessing = 0;
		};
/* End PBXFrameworksBuildPhase section */

/* Begin PBXGroup section */
		A72D01101DF5272500AC5E99 = {
			isa = PBXGroup;
			children = (
				A778A5E51DF5278000414EA4 /* Resources */,
				A778A5EC1DF5278000414EA4 /* Sources */,
				A778A6031DF5278000414EA4 /* Tests */,
				A72D011A1DF5272500AC5E99 /* Products */,
			);
			sourceTree = "<group>";
		};
		A72D011A1DF5272500AC5E99 /* Products */ = {
			isa = PBXGroup;
			children = (
				A72D01191DF5272500AC5E99 /* waschat.app */,
				A72D012D1DF5272500AC5E99 /* waschatTests.xctest */,
			);
			name = Products;
			sourceTree = "<group>";
		};
		A778A5E51DF5278000414EA4 /* Resources */ = {
			isa = PBXGroup;
			children = (
				A778A5E61DF5278000414EA4 /* Assets.xcassets */,
				A778A5E71DF5278000414EA4 /* Presentation */,
				A778A5EA1DF5278000414EA4 /* Supporting Files */,
			);
			path = Resources;
			sourceTree = "<group>";
		};
		A778A5E71DF5278000414EA4 /* Presentation */ = {
			isa = PBXGroup;
			children = (
				A778A5E81DF5278000414EA4 /* LaunchScreen.storyboard */,
				A778A5E91DF5278000414EA4 /* Main.storyboard */,
			);
			path = Presentation;
			sourceTree = "<group>";
		};
		A778A5EA1DF5278000414EA4 /* Supporting Files */ = {
			isa = PBXGroup;
			children = (
				A778A5EB1DF5278000414EA4 /* Info.plist */,
			);
			path = "Supporting Files";
			sourceTree = "<group>";
		};
		A778A5EC1DF5278000414EA4 /* Sources */ = {
			isa = PBXGroup;
			children = (
				A778A5ED1DF5278000414EA4 /* AppDelegate.swift */,
				A778A5EE1DF5278000414EA4 /* Core */,
				A778A5FD1DF5278000414EA4 /* Presentation */,
			);
			path = Sources;
			sourceTree = "<group>";
		};
		A778A5EE1DF5278000414EA4 /* Core */ = {
			isa = PBXGroup;
			children = (
				A778A5F11DF5278000414EA4 /* Extensions */,
			);
			path = Core;
			sourceTree = "<group>";
		};
		A778A5F11DF5278000414EA4 /* Extensions */ = {
			isa = PBXGroup;
			children = (
				A778A5F21DF5278000414EA4 /* String+WASString.swift */,
				A778A5F31DF5278000414EA4 /* String+WASUtil.swift */,
				A778A5F41DF5278000414EA4 /* UIColor+WASColor.swift */,
				A778A5F51DF5278000414EA4 /* UIFont+WASFont.swift */,
			);
			path = Extensions;
			sourceTree = "<group>";
		};
		A778A5FD1DF5278000414EA4 /* Presentation */ = {
			isa = PBXGroup;
			children = (
				A778A5FF1DF5278000414EA4 /* ViewControllers */,
			);
			path = Presentation;
			sourceTree = "<group>";
		};
		A778A5FF1DF5278000414EA4 /* ViewControllers */ = {
			isa = PBXGroup;
			children = (
				A778A6001DF5278000414EA4 /* FeelFreeViewController.swift */,
				A778A6011DF5278000414EA4 /* TableViewController.swift */,
				A778A6021DF5278000414EA4 /* WASViewController.swift */,
			);
			path = ViewControllers;
			sourceTree = "<group>";
		};
		A778A6031DF5278000414EA4 /* Tests */ = {
			isa = PBXGroup;
			children = (
				A778A6041DF5278000414EA4 /* Resources */,
				A778A6071DF5278000414EA4 /* Sources */,
			);
			path = Tests;
			sourceTree = "<group>";
		};
		A778A6041DF5278000414EA4 /* Resources */ = {
			isa = PBXGroup;
			children = (
				A778A6051DF5278000414EA4 /* Supporting Files */,
			);
			path = Resources;
			sourceTree = "<group>";
		};
		A778A6051DF5278000414EA4 /* Supporting Files */ = {
			isa = PBXGroup;
			children = (
				A778A6061DF5278000414EA4 /* Info.plist */,
			);
			path = "Supporting Files";
			sourceTree = "<group>";
		};
		A778A6071DF5278000414EA4 /* Sources */ = {
			isa = PBXGroup;
			children = (
				A778A6081DF5278000414EA4 /* Extensions */,
			);
			path = Sources;
			sourceTree = "<group>";
		};
		A778A6081DF5278000414EA4 /* Extensions */ = {
			isa = PBXGroup;
			children = (
				A778A6091DF5278000414EA4 /* WASStringTests.swift */,
			);
			path = Extensions;
			sourceTree = "<group>";
		};
/* End PBXGroup section */

/* Begin PBXNativeTarget section */
		A72D01181DF5272500AC5E99 /* waschat */ = {
			isa = PBXNativeTarget;
			buildConfigurationList = A72D01361DF5272600AC5E99 /* Build configuration list for PBXNativeTarget "waschat" */;
			buildPhases = (
				A72D01151DF5272500AC5E99 /* Sources */,
				A72D01161DF5272500AC5E99 /* Frameworks */,
				A72D01171DF5272500AC5E99 /* Resources */,
			);
			buildRules = (
			);
			dependencies = (
			);
			name = waschat;
			productName = waschat;
			productReference = A72D01191DF5272500AC5E99 /* waschat.app */;
			productType = "com.apple.product-type.application";
		};
		A72D012C1DF5272500AC5E99 /* waschatTests */ = {
			isa = PBXNativeTarget;
			buildConfigurationList = A72D01391DF5272600AC5E99 /* Build configuration list for PBXNativeTarget "waschatTests" */;
			buildPhases = (
				A72D01291DF5272500AC5E99 /* Sources */,
				A72D012A1DF5272500AC5E99 /* Frameworks */,
				A72D012B1DF5272500AC5E99 /* Resources */,
			);
			buildRules = (
			);
			dependencies = (
				A72D012F1DF5272500AC5E99 /* PBXTargetDependency */,
			);
			name = waschatTests;
			productName = waschatTests;
			productReference = A72D012D1DF5272500AC5E99 /* waschatTests.xctest */;
			productType = "com.apple.product-type.bundle.unit-test";
		};
/* End PBXNativeTarget section */

/* Begin PBXProject section */
		A72D01111DF5272500AC5E99 /* Project object */ = {
			isa = PBXProject;
			attributes = {
				LastSwiftUpdateCheck = 0810;
				LastUpgradeCheck = 0810;
				ORGANIZATIONNAME = "Wagner Sales";
				TargetAttributes = {
					A72D01181DF5272500AC5E99 = {
						CreatedOnToolsVersion = 8.1;
						DevelopmentTeam = B6M4H2TQY8;
						ProvisioningStyle = Automatic;
					};
					A72D012C1DF5272500AC5E99 = {
						CreatedOnToolsVersion = 8.1;
						DevelopmentTeam = B6M4H2TQY8;
						ProvisioningStyle = Automatic;
						TestTargetID = A72D01181DF5272500AC5E99;
					};
				};
			};
			buildConfigurationList = A72D01141DF5272500AC5E99 /* Build configuration list for PBXProject "waschat" */;
			compatibilityVersion = "Xcode 3.2";
			developmentRegion = English;
			hasScannedForEncodings = 0;
			knownRegions = (
				en,
				Base,
			);
			mainGroup = A72D01101DF5272500AC5E99;
			productRefGroup = A72D011A1DF5272500AC5E99 /* Products */;
			projectDirPath = "";
			projectRoot = "";
			targets = (
				A72D01181DF5272500AC5E99 /* waschat */,
				A72D012C1DF5272500AC5E99 /* waschatTests */,
			);
		};
/* End PBXProject section */

/* Begin PBXResourcesBuildPhase section */
		A72D01171DF5272500AC5E99 /* Resources */ = {
			isa = PBXResourcesBuildPhase;
			buildActionMask = 2147483647;
			files = (
				A778A60C1DF5278000414EA4 /* Main.storyboard in Resources */,
				A778A60A1DF5278000414EA4 /* Assets.xcassets in Resources */,
				A778A60B1DF5278000414EA4 /* LaunchScreen.storyboard in Resources */,
			);
			runOnlyForDeploymentPostprocessing = 0;
		};
		A72D012B1DF5272500AC5E99 /* Resources */ = {
			isa = PBXResourcesBuildPhase;
			buildActionMask = 2147483647;
			files = (
			);
			runOnlyForDeploymentPostprocessing = 0;
		};
/* End PBXResourcesBuildPhase section */

/* Begin PBXSourcesBuildPhase section */
		A72D01151DF5272500AC5E99 /* Sources */ = {
			isa = PBXSourcesBuildPhase;
			buildActionMask = 2147483647;
			files = (
				A778A6121DF5278000414EA4 /* UIFont+WASFont.swift in Sources */,
				A778A60E1DF5278000414EA4 /* AppDelegate.swift in Sources */,
				A778A6101DF5278000414EA4 /* String+WASUtil.swift in Sources */,
				A778A60F1DF5278000414EA4 /* String+WASString.swift in Sources */,
				A778A6151DF5278000414EA4 /* FeelFreeViewController.swift in Sources */,
				A778A6171DF5278000414EA4 /* WASViewController.swift in Sources */,
				A778A6111DF5278000414EA4 /* UIColor+WASColor.swift in Sources */,
				A778A6161DF5278000414EA4 /* TableViewController.swift in Sources */,
			);
			runOnlyForDeploymentPostprocessing = 0;
		};
		A72D01291DF5272500AC5E99 /* Sources */ = {
			isa = PBXSourcesBuildPhase;
			buildActionMask = 2147483647;
			files = (
				A73162BA1DF528A100F6B98A /* WASStringTests.swift in Sources */,
			);
			runOnlyForDeploymentPostprocessing = 0;
		};
/* End PBXSourcesBuildPhase section */

/* Begin PBXTargetDependency section */
		A72D012F1DF5272500AC5E99 /* PBXTargetDependency */ = {
			isa = PBXTargetDependency;
			target = A72D01181DF5272500AC5E99 /* waschat */;
			targetProxy = A72D012E1DF5272500AC5E99 /* PBXContainerItemProxy */;
		};
/* End PBXTargetDependency section */

/* Begin XCBuildConfiguration section */
		A72D01341DF5272500AC5E99 /* Debug */ = {
			isa = XCBuildConfiguration;
			buildSettings = {
				ALWAYS_SEARCH_USER_PATHS = NO;
				CLANG_ANALYZER_NONNULL = YES;
				CLANG_CXX_LANGUAGE_STANDARD = "gnu++0x";
				CLANG_CXX_LIBRARY = "libc++";
				CLANG_ENABLE_MODULES = YES;
				CLANG_ENABLE_OBJC_ARC = YES;
				CLANG_WARN_BOOL_CONVERSION = YES;
				CLANG_WARN_CONSTANT_CONVERSION = YES;
				CLANG_WARN_DIRECT_OBJC_ISA_USAGE = YES_ERROR;
				CLANG_WARN_DOCUMENTATION_COMMENTS = YES;
				CLANG_WARN_EMPTY_BODY = YES;
				CLANG_WARN_ENUM_CONVERSION = YES;
				CLANG_WARN_INFINITE_RECURSION = YES;
				CLANG_WARN_INT_CONVERSION = YES;
				CLANG_WARN_OBJC_ROOT_CLASS = YES_ERROR;
				CLANG_WARN_SUSPICIOUS_MOVES = YES;
				CLANG_WARN_UNREACHABLE_CODE = YES;
				CLANG_WARN__DUPLICATE_METHOD_MATCH = YES;
				"CODE_SIGN_IDENTITY[sdk=iphoneos*]" = "iPhone Developer";
				COPY_PHASE_STRIP = NO;
				DEBUG_INFORMATION_FORMAT = dwarf;
				ENABLE_STRICT_OBJC_MSGSEND = YES;
				ENABLE_TESTABILITY = YES;
				GCC_C_LANGUAGE_STANDARD = gnu99;
				GCC_DYNAMIC_NO_PIC = NO;
				GCC_NO_COMMON_BLOCKS = YES;
				GCC_OPTIMIZATION_LEVEL = 0;
				GCC_PREPROCESSOR_DEFINITIONS = (
					"DEBUG=1",
					"$(inherited)",
				);
				GCC_WARN_64_TO_32_BIT_CONVERSION = YES;
				GCC_WARN_ABOUT_RETURN_TYPE = YES_ERROR;
				GCC_WARN_UNDECLARED_SELECTOR = YES;
				GCC_WARN_UNINITIALIZED_AUTOS = YES_AGGRESSIVE;
				GCC_WARN_UNUSED_FUNCTION = YES;
				GCC_WARN_UNUSED_VARIABLE = YES;
				IPHONEOS_DEPLOYMENT_TARGET = 10.1;
				MTL_ENABLE_DEBUG_INFO = YES;
				ONLY_ACTIVE_ARCH = YES;
				SDKROOT = iphoneos;
				SWIFT_ACTIVE_COMPILATION_CONDITIONS = DEBUG;
				SWIFT_OPTIMIZATION_LEVEL = "-Onone";
				TARGETED_DEVICE_FAMILY = "1,2";
			};
			name = Debug;
		};
		A72D01351DF5272500AC5E99 /* Release */ = {
			isa = XCBuildConfiguration;
			buildSettings = {
				ALWAYS_SEARCH_USER_PATHS = NO;
				CLANG_ANALYZER_NONNULL = YES;
				CLANG_CXX_LANGUAGE_STANDARD = "gnu++0x";
				CLANG_CXX_LIBRARY = "libc++";
				CLANG_ENABLE_MODULES = YES;
				CLANG_ENABLE_OBJC_ARC = YES;
				CLANG_WARN_BOOL_CONVERSION = YES;
				CLANG_WARN_CONSTANT_CONVERSION = YES;
				CLANG_WARN_DIRECT_OBJC_ISA_USAGE = YES_ERROR;
				CLANG_WARN_DOCUMENTATION_COMMENTS = YES;
				CLANG_WARN_EMPTY_BODY = YES;
				CLANG_WARN_ENUM_CONVERSION = YES;
				CLANG_WARN_INFINITE_RECURSION = YES;
				CLANG_WARN_INT_CONVERSION = YES;
				CLANG_WARN_OBJC_ROOT_CLASS = YES_ERROR;
				CLANG_WARN_SUSPICIOUS_MOVES = YES;
				CLANG_WARN_UNREACHABLE_CODE = YES;
				CLANG_WARN__DUPLICATE_METHOD_MATCH = YES;
				"CODE_SIGN_IDENTITY[sdk=iphoneos*]" = "iPhone Developer";
				COPY_PHASE_STRIP = NO;
				DEBUG_INFORMATION_FORMAT = "dwarf-with-dsym";
				ENABLE_NS_ASSERTIONS = NO;
				ENABLE_STRICT_OBJC_MSGSEND = YES;
				GCC_C_LANGUAGE_STANDARD = gnu99;
				GCC_NO_COMMON_BLOCKS = YES;
				GCC_WARN_64_TO_32_BIT_CONVERSION = YES;
				GCC_WARN_ABOUT_RETURN_TYPE = YES_ERROR;
				GCC_WARN_UNDECLARED_SELECTOR = YES;
				GCC_WARN_UNINITIALIZED_AUTOS = YES_AGGRESSIVE;
				GCC_WARN_UNUSED_FUNCTION = YES;
				GCC_WARN_UNUSED_VARIABLE = YES;
				IPHONEOS_DEPLOYMENT_TARGET = 10.1;
				MTL_ENABLE_DEBUG_INFO = NO;
				SDKROOT = iphoneos;
				SWIFT_OPTIMIZATION_LEVEL = "-Owholemodule";
				TARGETED_DEVICE_FAMILY = "1,2";
				VALIDATE_PRODUCT = YES;
			};
			name = Release;
		};
		A72D01371DF5272600AC5E99 /* Debug */ = {
			isa = XCBuildConfiguration;
			buildSettings = {
				ASSETCATALOG_COMPILER_APPICON_NAME = AppIcon;
				DEVELOPMENT_TEAM = B6M4H2TQY8;
				INFOPLIST_FILE = "$(SRCROOT)/Resources/Supporting Files/Info.plist";
				LD_RUNPATH_SEARCH_PATHS = "$(inherited) @executable_path/Frameworks";
				PRODUCT_BUNDLE_IDENTIFIER = br.com.wagnersales.waschat;
				PRODUCT_NAME = "$(TARGET_NAME)";
				SWIFT_VERSION = 3.0;
			};
			name = Debug;
		};
		A72D01381DF5272600AC5E99 /* Release */ = {
			isa = XCBuildConfiguration;
			buildSettings = {
				ASSETCATALOG_COMPILER_APPICON_NAME = AppIcon;
				DEVELOPMENT_TEAM = B6M4H2TQY8;
				INFOPLIST_FILE = "$(SRCROOT)/Resources/Supporting Files/Info.plist";
				LD_RUNPATH_SEARCH_PATHS = "$(inherited) @executable_path/Frameworks";
				PRODUCT_BUNDLE_IDENTIFIER = br.com.wagnersales.waschat;
				PRODUCT_NAME = "$(TARGET_NAME)";
				SWIFT_VERSION = 3.0;
			};
			name = Release;
		};
		A72D013A1DF5272600AC5E99 /* Debug */ = {
			isa = XCBuildConfiguration;
			buildSettings = {
				ALWAYS_EMBED_SWIFT_STANDARD_LIBRARIES = YES;
				BUNDLE_LOADER = "$(TEST_HOST)";
				DEVELOPMENT_TEAM = B6M4H2TQY8;
				INFOPLIST_FILE = "$(SRCROOT)/Tests/Resources/Supporting Files/Info.plist";
				LD_RUNPATH_SEARCH_PATHS = "$(inherited) @executable_path/Frameworks @loader_path/Frameworks";
				PRODUCT_BUNDLE_IDENTIFIER = br.com.wagnersales.waschatTests;
				PRODUCT_NAME = "$(TARGET_NAME)";
				SWIFT_VERSION = 3.0;
				TEST_HOST = "$(BUILT_PRODUCTS_DIR)/waschat.app/waschat";
			};
			name = Debug;
		};
		A72D013B1DF5272600AC5E99 /* Release */ = {
			isa = XCBuildConfiguration;
			buildSettings = {
				ALWAYS_EMBED_SWIFT_STANDARD_LIBRARIES = YES;
				BUNDLE_LOADER = "$(TEST_HOST)";
				DEVELOPMENT_TEAM = B6M4H2TQY8;
				INFOPLIST_FILE = "$(SRCROOT)/Tests/Resources/Supporting Files/Info.plist";
				LD_RUNPATH_SEARCH_PATHS = "$(inherited) @executable_path/Frameworks @loader_path/Frameworks";
				PRODUCT_BUNDLE_IDENTIFIER = br.com.wagnersales.waschatTests;
				PRODUCT_NAME = "$(TARGET_NAME)";
				SWIFT_VERSION = 3.0;
				TEST_HOST = "$(BUILT_PRODUCTS_DIR)/waschat.app/waschat";
			};
			name = Release;
		};
/* End XCBuildConfiguration section */

/* Begin XCConfigurationList section */
		A72D01141DF5272500AC5E99 /* Build configuration list for PBXProject "waschat" */ = {
			isa = XCConfigurationList;
			buildConfigurations = (
				A72D01341DF5272500AC5E99 /* Debug */,
				A72D01351DF5272500AC5E99 /* Release */,
			);
			defaultConfigurationIsVisible = 0;
			defaultConfigurationName = Release;
		};
		A72D01361DF5272600AC5E99 /* Build configuration list for PBXNativeTarget "waschat" */ = {
			isa = XCConfigurationList;
			buildConfigurations = (
				A72D01371DF5272600AC5E99 /* Debug */,
				A72D01381DF5272600AC5E99 /* Release */,
			);
			defaultConfigurationIsVisible = 0;
			defaultConfigurationName = Release;
		};
		A72D01391DF5272600AC5E99 /* Build configuration list for PBXNativeTarget "waschatTests" */ = {
			isa = XCConfigurationList;
			buildConfigurations = (
				A72D013A1DF5272600AC5E99 /* Debug */,
				A72D013B1DF5272600AC5E99 /* Release */,
			);
			defaultConfigurationIsVisible = 0;
			defaultConfigurationName = Release;
		};
/* End XCConfigurationList section */
	};
	rootObject = A72D01111DF5272500AC5E99 /* Project object */;
}
